
Microsoft Visual Studio Solution File, Format Version 11.00
# Visual Studio 2010
Project("{FAE04EC0-301F-11D3-BF4B-00C04F79EFBC}") = "Demo_Android", "Demo_Android\Demo_Android.csproj", "{DE1EACEE-7097-4F68-8CC3-CDD02F6C2713}"
EndProject
Global
	GlobalSection(SolutionConfigurationPlatforms) = preSolution
		Debug|Any CPU = Debug|Any CPU
		Release|Any CPU = Release|Any CPU
	EndGlobalSection
	GlobalSection(ProjectConfigurationPlatforms) = postSolution
		{DE1EACEE-7097-4F68-8CC3-CDD02F6C2713}.Debug|Any CPU.ActiveCfg = Debug|Any CPU
		{DE1EACEE-7097-4F68-8CC3-CDD02F6C2713}.Debug|Any CPU.Build.0 = Debug|Any CPU
		{DE1EACEE-7097-4F68-8CC3-CDD02F6C2713}.Release|Any CPU.ActiveCfg = Release|Any CPU
		{DE1EACEE-7097-4F68-8CC3-CDD02F6C2713}.Release|Any CPU.Build.0 = Release|Any CPU
	EndGlobalSection
	GlobalSection(MonoDevelopProperties) = preSolution
		StartupItem = Demo_Android\Demo_Android.csproj
	EndGlobalSection
EndGlobal
